// !$*UTF8*$!
{
	archiveVersion = 1;
	classes = {
	};
	objectVersion = 77;
	objects = {

/* Begin PBXContainerItemProxy section */
		D620CD14301BE58E00BAD3BF /* PBXContainerItemProxy */ = {
			isa = PBXContainerItemProxy;
			containerPortal = D620CCFA301BE58D00BAD3BF /* Project object */;
			proxyType = 1;
			remoteGlobalIDString = D620CD01301BE58D00BAD3BF;
			remoteInfo = "Meet Your Memory";
		};
		D620CD1E301BE58E00BAD3BF /* PBXContainerItemProxy */ = {
			isa = PBXContainerItemProxy;
			containerPortal = D620CCFA301BE58D00BAD3BF /* Project object */;
			proxyType = 1;
			remoteGlobalIDString = D620CD01301BE58D00BAD3BF;
			remoteInfo = "Meet Your Memory";
		};
/* End PBXContainerItemProxy section */

/* Begin PBXFileReference section */
		D620CD02301BE58D00BAD3BF /* Meet Your Memory.app */ = {isa = PBXFileReference; explicitFileType = wrapper.application; includeInIndex = 0; path = "Meet Your Memory.app"; sourceTree = BUILT_PRODUCTS_DIR; };
		D620CD13301BE58E00BAD3BF /* Meet Your MemoryTests.xctest */ = {isa = PBXFileReference; explicitFileType = wrapper.cfbundle; includeInIndex = 0; path = "Meet Your MemoryTests.xctest"; sourceTree = BUILT_PRODUCTS_DIR; };
		D620CD1D301BE58E00BAD3BF /* Meet Your MemoryUITests.xctest */ = {isa = PBXFileReference; explicitFileType = wrapper.cfbundle; includeInIndex = 0; path = "Meet Your MemoryUITests.xctest"; sourceTree = BUILT_PRODUCTS_DIR; };
/* End PBXFileReference section */

/* Begin PBXFileSystemSynchronizedBuildFileExceptionSet section */
		D620CD25301BE58E00BAD3BF /* Exceptions for "Meet Your Memory" folder in "Meet Your Memory" target */ = {
			isa = PBXFileSystemSynchronizedBuildFileExceptionSet;
			membershipExceptions = (
				Info.plist,
			);
			target = D620CD01301BE58D00BAD3BF /* Meet Your Memory */;
		};
/* End PBXFileSystemSynchronizedBuildFileExceptionSet section */

/* Begin PBXFileSystemSynchronizedRootGroup section */
		D620CD04301BE58D00BAD3BF /* Meet Your Memory */ = {
			isa = PBXFileSystemSynchronizedRootGroup;
			exceptions = (
				D620CD25301BE58E00BAD3BF /* Exceptions for "Meet Your Memory" folder in "Meet Your Memory" target */,
			);
			path = "Meet Your Memory";
			sourceTree = "<group>";
		};
		D620CD16301BE58E00BAD3BF /* Meet Your MemoryTests */ = {
			isa = PBXFileSystemSynchronizedRootGroup;
			path = "Meet Your MemoryTests";
			sourceTree = "<group>";
		};
		D620CD20301BE58E00BAD3BF /* Meet Your MemoryUITests */ = {
			isa = PBXFileSystemSynchronizedRootGroup;
			path = "Meet Your MemoryUITests";
			sourceTree = "<group>";
		};
/* End PBXFileSystemSynchronizedRootGroup section */

/* Begin PBXFrameworksBuildPhase section */
		D620CCFF301BE58D00BAD3BF /* Frameworks */ = {
			isa = PBXFrameworksBuildPhase;
			buildActionMask = 2147483647;
			files = (
			);
			runOnlyForDeploymentPostprocessing = 0;
		};
		D620CD10301BE58E00BAD3BF /* Frameworks */ = {
			isa = PBXFrameworksBuildPhase;
			buildActionMask = 2147483647;
			files = (
			);
			runOnlyForDeploymentPostprocessing = 0;
		};
		D620CD1A301BE58E00BAD3BF /* Frameworks */ = {
			isa = PBXFrameworksBuildPhase;
			buildActionMask = 2147483647;
			files = (
			);
			runOnlyForDeploymentPostprocessing = 0;
		};
/* End PBXFrameworksBuildPhase section */

/* Begin PBXGroup section */
		D620CCF9301BE58D00BAD3BF = {
			isa = PBXGroup;
			children = (
				D620CD04301BE58D00BAD3BF /* Meet Your Memory */,
				D620CD16301BE58E00BAD3BF /* Meet Your MemoryTests */,
				D620CD20301BE58E00BAD3BF /* Meet Your MemoryUITests */,
				D620CD03301BE58D00BAD3BF /* Products */,
			);
			sourceTree = "<group>";
		};
		D620CD03301BE58D00BAD3BF /* Products */ = {
			isa = PBXGroup;
			children = (
				D620CD02301BE58D00BAD3BF /* Meet Your Memory.app */,
				D620CD13301BE58E00BAD3BF /* Meet Your MemoryTests.xctest */,
				D620CD1D301BE58E00BAD3BF /* Meet Your MemoryUITests.xctest */,
			);
			name = Products;
			sourceTree = "<group>";
		};
/* End PBXGroup section */

/* Begin PBXNativeTarget section */
		D620CD01301BE58D00BAD3BF /* Meet Your Memory */ = {
			isa = PBXNativeTarget;
			buildConfigurationList = D620CD26301BE58E00BAD3BF /* Build configuration list for PBXNativeTarget "Meet Your Memory" */;
			buildPhases = (
				D620CCFE301BE58D00BAD3BF /* Sources */,
				D620CCFF301BE58D00BAD3BF /* Frameworks */,
				D620CD00301BE58D00BAD3BF /* Resources */,
			);
			buildRules = (
			);
			dependencies = (
			);
			fileSystemSynchronizedGroups = (
				D620CD04301BE58D00BAD3BF /* Meet Your Memory */,
			);
			name = "Meet Your Memory";
			packageProductDependencies = (
			);
			productName = "Meet Your Memory";
			productReference = D620CD02301BE58D00BAD3BF /* Meet Your Memory.app */;
			productType = "com.apple.product-type.application";
		};
		D620CD12301BE58E00BAD3BF /* Meet Your MemoryTests */ = {
			isa = PBXNativeTarget;
			buildConfigurationList = D620CD2B301BE58E00BAD3BF /* Build configuration list for PBXNativeTarget "Meet Your MemoryTests" */;
			buildPhases = (
				D620CD0F301BE58E00BAD3BF /* Sources */,
				D620CD10301BE58E00BAD3BF /* Frameworks */,
				D620CD11301BE58E00BAD3BF /* Resources */,
			);
			buildRules = (
			);
			dependencies = (
				D620CD15301BE58E00BAD3BF /* PBXTargetDependency */,
			);
			fileSystemSynchronizedGroups = (
				D620CD16301BE58E00BAD3BF /* Meet Your MemoryTests */,
			);
			name = "Meet Your MemoryTests";
			packageProductDependencies = (
			);
			productName = "Meet Your MemoryTests";
			productReference = D620CD13301BE58E00BAD3BF /* Meet Your MemoryTests.xctest */;
			productType = "com.apple.product-type.bundle.unit-test";
		};
		D620CD1C301BE58E00BAD3BF /* Meet Your MemoryUITests */ = {
			isa = PBXNativeTarget;
			buildConfigurationList = D620CD2E301BE58E00BAD3BF /* Build configuration list for PBXNativeTarget "Meet Your MemoryUITests" */;
			buildPhases = (
				D620CD19301BE58E00BAD3BF /* Sources */,
				D620CD1A301BE58E00BAD3BF /* Frameworks */,
				D620CD1B301BE58E00BAD3BF /* Resources */,
			);
			buildRules = (
			);
			dependencies = (
				D620CD1F301BE58E00BAD3BF /* PBXTargetDependency */,
			);
			fileSystemSynchronizedGroups = (
				D620CD20301BE58E00BAD3BF /* Meet Your MemoryUITests */,
			);
			name = "Meet Your MemoryUITests";
			packageProductDependencies = (
			);
			productName = "Meet Your MemoryUITests";
			productReference = D620CD1D301BE58E00BAD3BF /* Meet Your MemoryUITests.xctest */;
			productType = "com.apple.product-type.bundle.ui-testing";
		};
/* End PBXNativeTarget section */

/* Begin PBXProject section */
		D620CCFA301BE58D00BAD3BF /* Project object */ = {
			isa = PBXProject;
			attributes = {
				BuildIndependentTargetsInParallel = 1;
				LastSwiftUpdateCheck = 2660;
				LastUpgradeCheck = 2660;
				TargetAttributes = {
					D620CD01301BE58D00BAD3BF = {
						CreatedOnToolsVersion = 26.6;
					};
					D620CD12301BE58E00BAD3BF = {
						CreatedOnToolsVersion = 26.6;
						TestTargetID = D620CD01301BE58D00BAD3BF;
					};
					D620CD1C301BE58E00BAD3BF = {
						CreatedOnToolsVersion = 26.6;
						TestTargetID = D620CD01301BE58D00BAD3BF;
					};
				};
			};
			buildConfigurationList = D620CCFD301BE58D00BAD3BF /* Build configuration list for PBXProject "Meet Your Memory" */;
			developmentRegion = en;
			hasScannedForEncodings = 0;
			knownRegions = (
				en,
				Base,
				it,
				hi,
				es,
				ja,
				fr,
				"zh-Hans",
				pt,
			);
			mainGroup = D620CCF9301BE58D00BAD3BF;
			minimizedProjectReferenceProxies = 1;
			preferredProjectObjectVersion = 77;
			productRefGroup = D620CD03301BE58D00BAD3BF /* Products */;
			projectDirPath = "";
			projectRoot = "";
			targets = (
				D620CD01301BE58D00BAD3BF /* Meet Your Memory */,
				D620CD12301BE58E00BAD3BF /* Meet Your MemoryTests */,
				D620CD1C301BE58E00BAD3BF /* Meet Your MemoryUITests */,
			);
		};
/* End PBXProject section */

/* Begin PBXResourcesBuildPhase section */
		D620CD00301BE58D00BAD3BF /* Resources */ = {
			isa = PBXResourcesBuildPhase;
			buildActionMask = 2147483647;
			files = (
			);
			runOnlyForDeploymentPostprocessing = 0;
		};
		D620CD11301BE58E00BAD3BF /* Resources */ = {
			isa = PBXResourcesBuildPhase;
			buildActionMask = 2147483647;
			files = (
			);
			runOnlyForDeploymentPostprocessing = 0;
		};
		D620CD1B301BE58E00BAD3BF /* Resources */ = {
			isa = PBXResourcesBuildPhase;
			buildActionMask = 2147483647;
			files = (
			);
			runOnlyForDeploymentPostprocessing = 0;
		};
/* End PBXResourcesBuildPhase section */

/* Begin PBXSourcesBuildPhase section */
		D620CCFE301BE58D00BAD3BF /* Sources */ = {
			isa = PBXSourcesBuildPhase;
			buildActionMask = 2147483647;
			files = (
			);
			runOnlyForDeploymentPostprocessing = 0;
		};
		D620CD0F301BE58E00BAD3BF /* Sources */ = {
			isa = PBXSourcesBuildPhase;
			buildActionMask = 2147483647;
			files = (
			);
			runOnlyForDeploymentPostprocessing = 0;
		};
		D620CD19301BE58E00BAD3BF /* Sources */ = {
			isa = PBXSourcesBuildPhase;
			buildActionMask = 2147483647;
			files = (
			);
			runOnlyForDeploymentPostprocessing = 0;
		};
/* End PBXSourcesBuildPhase section */

/* Begin PBXTargetDependency section */
		D620CD15301BE58E00BAD3BF /* PBXTargetDependency */ = {
			isa = PBXTargetDependency;
			target = D620CD01301BE58D00BAD3BF /* Meet Your Memory */;
			targetProxy = D620CD14301BE58E00BAD3BF /* PBXContainerItemProxy */;
		};
		D620CD1F301BE58E00BAD3BF /* PBXTargetDependency */ = {
			isa = PBXTargetDependency;
			target = D620CD01301BE58D00BAD3BF /* Meet Your Memory */;
			targetProxy = D620CD1E301BE58E00BAD3BF /* PBXContainerItemProxy */;
		};
/* End PBXTargetDependency section */

/* Begin XCBuildConfiguration section */
		D620CD27301BE58E00BAD3BF /* Debug */ = {
			isa = XCBuildConfiguration;
			buildSettings = {
				ASSETCATALOG_COMPILER_APPICON_NAME = AppIcon;
				ASSETCATALOG_COMPILER_GLOBAL_ACCENT_COLOR_NAME = AccentColor;
				CODE_SIGN_ENTITLEMENTS = "Meet Your Memory/Meet_Your_Memory.entitlements";
				CODE_SIGN_STYLE = Automatic;
				CURRENT_PROJECT_VERSION = 1;
				DEVELOPMENT_TEAM = X33C4U7SVM;
				ENABLE_PREVIEWS = YES;
				GENERATE_INFOPLIST_FILE = YES;
				INFOPLIST_FILE = "Meet Your Memory/Info.plist";
				INFOPLIST_KEY_UIApplicationSceneManifest_Generation = YES;
				INFOPLIST_KEY_UIApplicationSupportsIndirectInputEvents = YES;
				INFOPLIST_KEY_UILaunchScreen_Generation = YES;
				INFOPLIST_KEY_UISupportedInterfaceOrientations_iPad = "UIInterfaceOrientationPortrait UIInterfaceOrientationPortraitUpsideDown UIInterfaceOrientationLandscapeLeft UIInterfaceOrientationLandscapeRight";
				INFOPLIST_KEY_UISupportedInterfaceOrientations_iPhone = "UIInterfaceOrientationPortrait UIInterfaceOrientationLandscapeLeft UIInterfaceOrientationLandscapeRight";
				LD_RUNPATH_SEARCH_PATHS = (
					"$(inherited)",
					"@executable_path/Frameworks",
				);
				MARKETING_VERSION = 1.0;
				PRODUCT_BUNDLE_IDENTIFIER = "com.jibstudios.Meet-Your-Memory";
				PRODUCT_NAME = "$(TARGET_NAME)";
				STRING_CATALOG_GENERATE_SYMBOLS = YES;
				SWIFT_APPROACHABLE_CONCURRENCY = YES;
				SWIFT_DEFAULT_ACTOR_ISOLATION = MainActor;
				SWIFT_EMIT_LOC_STRINGS = YES;
				SWIFT_UPCOMING_FEATURE_MEMBER_IMPORT_VISIBILITY = YES;
				SWIFT_VERSION = 5.0;
				TARGETED_DEVICE_FAMILY = "1,2";
			};
			name = Debug;
		};
		D620CD28301BE58E00BAD3BF /* Release */ = {
			isa = XCBuildConfiguration;
			buildSettings = {
				ASSETCATALOG_COMPILER_APPICON_NAME = AppIcon;
				ASSETCATALOG_COMPILER_GLOBAL_ACCENT_COLOR_NAME = AccentColor;
				CODE_SIGN_ENTITLEMENTS = "Meet Your Memory/Meet_Your_Memory.entitlements";
				CODE_SIGN_STYLE = Automatic;
				CURRENT_PROJECT_VERSION = 1;
				DEVELOPMENT_TEAM = X33C4U7SVM;
				ENABLE_PREVIEWS = YES;
				GENERATE_INFOPLIST_FILE = YES;
				INFOPLIST_FILE = "Meet Your Memory/Info.plist";
				INFOPLIST_KEY_UIApplicationSceneManifest_Generation = YES;
				INFOPLIST_KEY_UIApplicationSupportsIndirectInputEvents = YES;
				INFOPLIST_KEY_UILaunchScreen_Generation = YES;
				INFOPLIST_KEY_UISupportedInterfaceOrientations_iPad = "UIInterfaceOrientationPortrait UIInterfaceOrientationPortraitUpsideDown UIInterfaceOrientationLandscapeLeft UIInterfaceOrientationLandscapeRight";
				INFOPLIST_KEY_UISupportedInterfaceOrientations_iPhone = "UIInterfaceOrientationPortrait UIInterfaceOrientationLandscapeLeft UIInterfaceOrientationLandscapeRight";
				LD_RUNPATH_SEARCH_PATHS = (
					"$(inherited)",
					"@executable_path/Frameworks",
				);
				MARKETING_VERSION = 1.0;
				PRODUCT_BUNDLE_IDENTIFIER = "com.jibstudios.Meet-Your-Memory";
				PRODUCT_NAME = "$(TARGET_NAME)";
				STRING_CATALOG_GENERATE_SYMBOLS = YES;
				SWIFT_APPROACHABLE_CONCURRENCY = YES;
				SWIFT_DEFAULT_ACTOR_ISOLATION = MainActor;
				SWIFT_EMIT_LOC_STRINGS = YES;
				SWIFT_UPCOMING_FEATURE_MEMBER_IMPORT_VISIBILITY = YES;
				SWIFT_VERSION = 5.0;
				TARGETED_DEVICE_FAMILY = "1,2";
			};
			name = Release;
		};
		D620CD29301BE58E00BAD3BF /* Debug */ = {
			isa = XCBuildConfiguration;
			buildSettings = {
				ALWAYS_SEARCH_USER_PATHS = NO;
				ASSETCATALOG_COMPILER_GENERATE_SWIFT_ASSET_SYMBOL_EXTENSIONS = YES;
				CLANG_ANALYZER_NONNULL = YES;
				CLANG_ANALYZER_NUMBER_OBJECT_CONVERSION = YES_AGGRESSIVE;
				CLANG_CXX_LANGUAGE_STANDARD = "gnu++20";
				CLANG_ENABLE_MODULES = YES;
				CLANG_ENABLE_OBJC_ARC = YES;
				CLANG_ENABLE_OBJC_WEAK = YES;
				CLANG_WARN_BLOCK_CAPTURE_AUTORELEASING = YES;
				CLANG_WARN_BOOL_CONVERSION = YES;
				CLANG_WARN_COMMA = YES;
				CLANG_WARN_CONSTANT_CONVERSION = YES;
				CLANG_WARN_DEPRECATED_OBJC_IMPLEMENTATIONS = YES;
				CLANG_WARN_DIRECT_OBJC_ISA_USAGE = YES_ERROR;
				CLANG_WARN_DOCUMENTATION_COMMENTS = YES;
				CLANG_WARN_EMPTY_BODY = YES;
				CLANG_WARN_ENUM_CONVERSION = YES;
				CLANG_WARN_INFINITE_RECURSION = YES;
				CLANG_WARN_INT_CONVERSION = YES;
				CLANG_WARN_NON_LITERAL_NULL_CONVERSION = YES;
				CLANG_WARN_OBJC_IMPLICIT_RETAIN_SELF = YES;
				CLANG_WARN_OBJC_LITERAL_CONVERSION = YES;
				CLANG_WARN_OBJC_ROOT_CLASS = YES_ERROR;
				CLANG_WARN_QUOTED_INCLUDE_IN_FRAMEWORK_HEADER = YES;
				CLANG_WARN_RANGE_LOOP_ANALYSIS = YES;
				CLANG_WARN_STRICT_PROTOTYPES = YES;
				CLANG_WARN_SUSPICIOUS_MOVE = YES;
				CLANG_WARN_UNGUARDED_AVAILABILITY = YES_AGGRESSIVE;
				CLANG_WARN_UNREACHABLE_CODE = YES;
				CLANG_WARN__DUPLICATE_METHOD_MATCH = YES;
				COPY_PHASE_STRIP = NO;
				DEBUG_INFORMATION_FORMAT = dwarf;
				DEVELOPMENT_TEAM = X33C4U7SVM;
				ENABLE_STRICT_OBJC_MSGSEND = YES;
				ENABLE_TESTABILITY = YES;
				ENABLE_USER_SCRIPT_SANDBOXING = YES;
				GCC_C_LANGUAGE_STANDARD = gnu17;
				GCC_DYNAMIC_NO_PIC = NO;
				GCC_NO_COMMON_BLOCKS = YES;
				GCC_OPTIMIZATION_LEVEL = 0;
				GCC_PREPROCESSOR_DEFINITIONS = (
					"DEBUG=1",
					"$(inherited)",
				);
				GCC_WARN_64_TO_32_BIT_CONVERSION = YES;
				GCC_WARN_ABOUT_RETURN_TYPE = YES_ERROR;
				GCC_WARN_UNDECLARED_SELECTOR = YES;
				GCC_WARN_UNINITIALIZED_AUTOS = YES_AGGRESSIVE;
				GCC_WARN_UNUSED_FUNCTION = YES;
				GCC_WARN_UNUSED_VARIABLE = YES;
				IPHONEOS_DEPLOYMENT_TARGET = 26.5;
				LOCALIZATION_PREFERS_STRING_CATALOGS = YES;
				MTL_ENABLE_DEBUG_INFO = INCLUDE_SOURCE;
				MTL_FAST_MATH = YES;
				ONLY_ACTIVE_ARCH = YES;
				SDKROOT = iphoneos;
				SWIFT_ACTIVE_COMPILATION_CONDITIONS = "DEBUG $(inherited)";
				SWIFT_OPTIMIZATION_LEVEL = "-Onone";
			};
			name = Debug;
		};
		D620CD2A301BE58E00BAD3BF /* Release */ = {
			isa = XCBuildConfiguration;
			buildSettings = {
				ALWAYS_SEARCH_USER_PATHS = NO;
				ASSETCATALOG_COMPILER_GENERATE_SWIFT_ASSET_SYMBOL_EXTENSIONS = YES;
				CLANG_ANALYZER_NONNULL = YES;
				CLANG_ANALYZER_NUMBER_OBJECT_CONVERSION = YES_AGGRESSIVE;
				CLANG_CXX_LANGUAGE_STANDARD = "gnu++20";
				CLANG_ENABLE_MODULES = YES;
				CLANG_ENABLE_OBJC_ARC = YES;
				CLANG_ENABLE_OBJC_WEAK = YES;
				CLANG_WARN_BLOCK_CAPTURE_AUTORELEASING = YES;
				CLANG_WARN_BOOL_CONVERSION = YES;
				CLANG_WARN_COMMA = YES;
				CLANG_WARN_CONSTANT_CONVERSION = YES;
				CLANG_WARN_DEPRECATED_OBJC_IMPLEMENTATIONS = YES;
				CLANG_WARN_DIRECT_OBJC_ISA_USAGE = YES_ERROR;
				CLANG_WARN_DOCUMENTATION_COMMENTS = YES;
				CLANG_WARN_EMPTY_BODY = YES;
				CLANG_WARN_ENUM_CONVERSION = YES;
				CLANG_WARN_INFINITE_RECURSION = YES;
				CLANG_WARN_INT_CONVERSION = YES;
				CLANG_WARN_NON_LITERAL_NULL_CONVERSION = YES;
				CLANG_WARN_OBJC_IMPLICIT_RETAIN_SELF = YES;
				CLANG_WARN_OBJC_LITERAL_CONVERSION = YES;
				CLANG_WARN_OBJC_ROOT_CLASS = YES_ERROR;
				CLANG_WARN_QUOTED_INCLUDE_IN_FRAMEWORK_HEADER = YES;
				CLANG_WARN_RANGE_LOOP_ANALYSIS = YES;
				CLANG_WARN_STRICT_PROTOTYPES = YES;
				CLANG_WARN_SUSPICIOUS_MOVE = YES;
				CLANG_WARN_UNGUARDED_AVAILABILITY = YES_AGGRESSIVE;
				CLANG_WARN_UNREACHABLE_CODE = YES;
				CLANG_WARN__DUPLICATE_METHOD_MATCH = YES;
				COPY_PHASE_STRIP = NO;
				DEBUG_INFORMATION_FORMAT = "dwarf-with-dsym";
				DEVELOPMENT_TEAM = X33C4U7SVM;
				ENABLE_NS_ASSERTIONS = NO;
				ENABLE_STRICT_OBJC_MSGSEND = YES;
				ENABLE_USER_SCRIPT_SANDBOXING = YES;
				GCC_C_LANGUAGE_STANDARD = gnu17;
				GCC_NO_COMMON_BLOCKS = YES;
				GCC_WARN_64_TO_32_BIT_CONVERSION = YES;
				GCC_WARN_ABOUT_RETURN_TYPE = YES_ERROR;
				GCC_WARN_UNDECLARED_SELECTOR = YES;
				GCC_WARN_UNINITIALIZED_AUTOS = YES_AGGRESSIVE;
				GCC_WARN_UNUSED_FUNCTION = YES;
				GCC_WARN_UNUSED_VARIABLE = YES;
				IPHONEOS_DEPLOYMENT_TARGET = 26.5;
				LOCALIZATION_PREFERS_STRING_CATALOGS = YES;
				MTL_ENABLE_DEBUG_INFO = NO;
				MTL_FAST_MATH = YES;
				SDKROOT = iphoneos;
				SWIFT_COMPILATION_MODE = wholemodule;
				VALIDATE_PRODUCT = YES;
			};
			name = Release;
		};
		D620CD2C301BE58E00BAD3BF /* Debug */ = {
			isa = XCBuildConfiguration;
			buildSettings = {
				BUNDLE_LOADER = "$(TEST_HOST)";
				CODE_SIGN_STYLE = Automatic;
				CURRENT_PROJECT_VERSION = 1;
				DEVELOPMENT_TEAM = X33C4U7SVM;
				GENERATE_INFOPLIST_FILE = YES;
				IPHONEOS_DEPLOYMENT_TARGET = 26.5;
				MARKETING_VERSION = 1.0;
				PRODUCT_BUNDLE_IDENTIFIER = "com.jibstudios.Meet-Your-MemoryTests";
				PRODUCT_NAME = "$(TARGET_NAME)";
				STRING_CATALOG_GENERATE_SYMBOLS = NO;
				SWIFT_APPROACHABLE_CONCURRENCY = YES;
				SWIFT_EMIT_LOC_STRINGS = NO;
				SWIFT_UPCOMING_FEATURE_MEMBER_IMPORT_VISIBILITY = YES;
				SWIFT_VERSION = 5.0;
				TARGETED_DEVICE_FAMILY = "1,2";
				TEST_HOST = "$(BUILT_PRODUCTS_DIR)/Meet Your Memory.app/$(BUNDLE_EXECUTABLE_FOLDER_PATH)/Meet Your Memory";
			};
			name = Debug;
		};
		D620CD2D301BE58E00BAD3BF /* Release */ = {
			isa = XCBuildConfiguration;
			buildSettings = {
				BUNDLE_LOADER = "$(TEST_HOST)";
				CODE_SIGN_STYLE = Automatic;
				CURRENT_PROJECT_VERSION = 1;
				DEVELOPMENT_TEAM = X33C4U7SVM;
				GENERATE_INFOPLIST_FILE = YES;
				IPHONEOS_DEPLOYMENT_TARGET = 26.5;
				MARKETING_VERSION = 1.0;
				PRODUCT_BUNDLE_IDENTIFIER = "com.jibstudios.Meet-Your-MemoryTests";
				PRODUCT_NAME = "$(TARGET_NAME)";
				STRING_CATALOG_GENERATE_SYMBOLS = NO;
				SWIFT_APPROACHABLE_CONCURRENCY = YES;
				SWIFT_EMIT_LOC_STRINGS = NO;
				SWIFT_UPCOMING_FEATURE_MEMBER_IMPORT_VISIBILITY = YES;
				SWIFT_VERSION = 5.0;
				TARGETED_DEVICE_FAMILY = "1,2";
				TEST_HOST = "$(BUILT_PRODUCTS_DIR)/Meet Your Memory.app/$(BUNDLE_EXECUTABLE_FOLDER_PATH)/Meet Your Memory";
			};
			name = Release;
		};
		D620CD2F301BE58E00BAD3BF /* Debug */ = {
			isa = XCBuildConfiguration;
			buildSettings = {
				CODE_SIGN_STYLE = Automatic;
				CURRENT_PROJECT_VERSION = 1;
				DEVELOPMENT_TEAM = X33C4U7SVM;
				GENERATE_INFOPLIST_FILE = YES;
				MARKETING_VERSION = 1.0;
				PRODUCT_BUNDLE_IDENTIFIER = "com.jibstudios.Meet-Your-MemoryUITests";
				PRODUCT_NAME = "$(TARGET_NAME)";
				STRING_CATALOG_GENERATE_SYMBOLS = NO;
				SWIFT_APPROACHABLE_CONCURRENCY = YES;
				SWIFT_EMIT_LOC_STRINGS = NO;
				SWIFT_UPCOMING_FEATURE_MEMBER_IMPORT_VISIBILITY = YES;
				SWIFT_VERSION = 5.0;
				TARGETED_DEVICE_FAMILY = "1,2";
				TEST_TARGET_NAME = "Meet Your Memory";
			};
			name = Debug;
		};
		D620CD30301BE58E00BAD3BF /* Release */ = {
			isa = XCBuildConfiguration;
			buildSettings = {
				CODE_SIGN_STYLE = Automatic;
				CURRENT_PROJECT_VERSION = 1;
				DEVELOPMENT_TEAM = X33C4U7SVM;
				GENERATE_INFOPLIST_FILE = YES;
				MARKETING_VERSION = 1.0;
				PRODUCT_BUNDLE_IDENTIFIER = "com.jibstudios.Meet-Your-MemoryUITests";
				PRODUCT_NAME = "$(TARGET_NAME)";
				STRING_CATALOG_GENERATE_SYMBOLS = NO;
				SWIFT_APPROACHABLE_CONCURRENCY = YES;
				SWIFT_EMIT_LOC_STRINGS = NO;
				SWIFT_UPCOMING_FEATURE_MEMBER_IMPORT_VISIBILITY = YES;
				SWIFT_VERSION = 5.0;
				TARGETED_DEVICE_FAMILY = "1,2";
				TEST_TARGET_NAME = "Meet Your Memory";
			};
			name = Release;
		};
/* End XCBuildConfiguration section */

/* Begin XCConfigurationList section */
		D620CCFD301BE58D00BAD3BF /* Build configuration list for PBXProject "Meet Your Memory" */ = {
			isa = XCConfigurationList;
			buildConfigurations = (
				D620CD29301BE58E00BAD3BF /* Debug */,
				D620CD2A301BE58E00BAD3BF /* Release */,
			);
			defaultConfigurationIsVisible = 0;
			defaultConfigurationName = Release;
		};
		D620CD26301BE58E00BAD3BF /* Build configuration list for PBXNativeTarget "Meet Your Memory" */ = {
			isa = XCConfigurationList;
			buildConfigurations = (
				D620CD27301BE58E00BAD3BF /* Debug */,
				D620CD28301BE58E00BAD3BF /* Release */,
			);
			defaultConfigurationIsVisible = 0;
			defaultConfigurationName = Release;
		};
		D620CD2B301BE58E00BAD3BF /* Build configuration list for PBXNativeTarget "Meet Your MemoryTests" */ = {
			isa = XCConfigurationList;
			buildConfigurations = (
				D620CD2C301BE58E00BAD3BF /* Debug */,
				D620CD2D301BE58E00BAD3BF /* Release */,
			);
			defaultConfigurationIsVisible = 0;
			defaultConfigurationName = Release;
		};
		D620CD2E301BE58E00BAD3BF /* Build configuration list for PBXNativeTarget "Meet Your MemoryUITests" */ = {
			isa = XCConfigurationList;
			buildConfigurations = (
				D620CD2F301BE58E00BAD3BF /* Debug */,
				D620CD30301BE58E00BAD3BF /* Release */,
			);
			defaultConfigurationIsVisible = 0;
			defaultConfigurationName = Release;
		};
/* End XCConfigurationList section */
	};
	rootObject = D620CCFA301BE58D00BAD3BF /* Project object */;
}
